<Solution>
  <Folder Name="/src/">
    <Project Path="src/KavyaCreations.API/KavyaCreations.API.csproj" />
    <Project Path="src/KavyaCreations.Application/KavyaCreations.Application.csproj" />
    <Project Path="src/KavyaCreations.Domain/KavyaCreations.Domain.csproj" />
    <Project Path="src/KavyaCreations.Infrastructure/KavyaCreations.Infrastructure.csproj" />
  </Folder>
</Solution>
